
Microsoft Visual Studio Solution File, Format Version 12.00
# Visual Studio 2012
Project("{FAE04EC0-301F-11D3-BF4B-00C04F79EFBC}") = "GoogleAnalyticsDataProcessingExtension", "GoogleAnalyticsDataProcessingExtension\GoogleAnalyticsDataProcessingExtension.csproj", "{4C908708-1F1D-45D2-864C-BB2C3BA87464}"
EndProject
Project("{FAE04EC0-301F-11D3-BF4B-00C04F79EFBC}") = "GoogleAnalyticsDataProcessingExtension.Test", "GoogleAnalyticsDataProcessingExtension.Test\GoogleAnalyticsDataProcessingExtension.Test.csproj", "{4B6B119D-968B-4FAE-ABD7-E88748355C43}"
EndProject
Global
	GlobalSection(SolutionConfigurationPlatforms) = preSolution
		Debug|Any CPU = Debug|Any CPU
		Release|Any CPU = Release|Any CPU
	EndGlobalSection
	GlobalSection(ProjectConfigurationPlatforms) = postSolution
		{4C908708-1F1D-45D2-864C-BB2C3BA87464}.Debug|Any CPU.ActiveCfg = Debug|Any CPU
		{4C908708-1F1D-45D2-864C-BB2C3BA87464}.Debug|Any CPU.Build.0 = Debug|Any CPU
		{4C908708-1F1D-45D2-864C-BB2C3BA87464}.Release|Any CPU.ActiveCfg = Release|Any CPU
		{4C908708-1F1D-45D2-864C-BB2C3BA87464}.Release|Any CPU.Build.0 = Release|Any CPU
		{4B6B119D-968B-4FAE-ABD7-E88748355C43}.Debug|Any CPU.ActiveCfg = Debug|Any CPU
		{4B6B119D-968B-4FAE-ABD7-E88748355C43}.Debug|Any CPU.Build.0 = Debug|Any CPU
		{4B6B119D-968B-4FAE-ABD7-E88748355C43}.Release|Any CPU.ActiveCfg = Release|Any CPU
		{4B6B119D-968B-4FAE-ABD7-E88748355C43}.Release|Any CPU.Build.0 = Release|Any CPU
	EndGlobalSection
	GlobalSection(SolutionProperties) = preSolution
		HideSolutionNode = FALSE
	EndGlobalSection
EndGlobal
